
Microsoft Visual Studio Solution File, Format Version 12.00
# Visual Studio Version 16
VisualStudioVersion = 16.0.29503.13
MinimumVisualStudioVersion = 10.0.40219.1
Project("{E24C65DC-7377-472B-9ABA-BC803B73C61A}") = "INF_WB_CSS_E01_v1", ".", "{03AA3418-C402-45C1-9C3C-7E6D786292DA}"
	ProjectSection(WebsiteProperties) = preProject
		TargetFrameworkMoniker = ".NETFramework,Version%3Dv4.8"
		Debug.AspNetCompiler.VirtualPath = "/localhost_58227"
		Debug.AspNetCompiler.PhysicalPath = "..\INF_WB_CSS_E01_v1\"
		Debug.AspNetCompiler.TargetPath = "PrecompiledWeb\localhost_58227\"
		Debug.AspNetCompiler.Updateable = "true"
		Debug.AspNetCompiler.ForceOverwrite = "true"
		Debug.AspNetCompiler.FixedNames = "false"
		Debug.AspNetCompiler.Debug = "True"
		Release.AspNetCompiler.VirtualPath = "/localhost_58227"
		Release.AspNetCompiler.PhysicalPath = "..\INF_WB_CSS_E01_v1\"
		Release.AspNetCompiler.TargetPath = "PrecompiledWeb\localhost_58227\"
		Release.AspNetCompiler.Updateable = "true"
		Release.AspNetCompiler.ForceOverwrite = "true"
		Release.AspNetCompiler.FixedNames = "false"
		Release.AspNetCompiler.Debug = "False"
		VWDPort = "58227"
		SlnRelativePath = "..\INF_WB_CSS_E01_v1\"
		DefaultWebSiteLanguage = "Visual C#"
	EndProjectSection
EndProject
Global
	GlobalSection(SolutionConfigurationPlatforms) = preSolution
		Debug|Any CPU = Debug|Any CPU
	EndGlobalSection
	GlobalSection(ProjectConfigurationPlatforms) = postSolution
		{03AA3418-C402-45C1-9C3C-7E6D786292DA}.Debug|Any CPU.ActiveCfg = Debug|Any CPU
		{03AA3418-C402-45C1-9C3C-7E6D786292DA}.Debug|Any CPU.Build.0 = Debug|Any CPU
	EndGlobalSection
	GlobalSection(SolutionProperties) = preSolution
		HideSolutionNode = FALSE
	EndGlobalSection
	GlobalSection(ExtensibilityGlobals) = postSolution
		SolutionGuid = {F11E4C06-BB14-4A4D-89AD-3F1C24C7FCE0}
	EndGlobalSection
EndGlobal
